
Microsoft Visual Studio Solution File, Format Version 12.00
# Visual Studio Version 17
VisualStudioVersion = 17.1.32421.90
MinimumVisualStudioVersion = 10.0.40219.1
Project("{FAE04EC0-301F-11D3-BF4B-00C04F79EFBC}") = "BlazorContactos.Server", "BlazorContactos\Server\BlazorContactos.Server.csproj", "{C2ACBF7D-C3F7-4FC4-865B-FAE6CC75F2D0}"
EndProject
Project("{FAE04EC0-301F-11D3-BF4B-00C04F79EFBC}") = "BlazorContactos.Client", "BlazorContactos\Client\BlazorContactos.Client.csproj", "{56849D16-A7DC-4251-B4AB-3ABF09E3738F}"
EndProject
Project("{FAE04EC0-301F-11D3-BF4B-00C04F79EFBC}") = "BlazorContactos.Shared", "BlazorContactos\Shared\BlazorContactos.Shared.csproj", "{7A3DE51F-A7D4-49A8-9663-86CD26A79AA3}"
EndProject
Global
	GlobalSection(SolutionConfigurationPlatforms) = preSolution
		Debug|Any CPU = Debug|Any CPU
		Release|Any CPU = Release|Any CPU
	EndGlobalSection
	GlobalSection(ProjectConfigurationPlatforms) = postSolution
		{C2ACBF7D-C3F7-4FC4-865B-FAE6CC75F2D0}.Debug|Any CPU.ActiveCfg = Debug|Any CPU
		{C2ACBF7D-C3F7-4FC4-865B-FAE6CC75F2D0}.Debug|Any CPU.Build.0 = Debug|Any CPU
		{C2ACBF7D-C3F7-4FC4-865B-FAE6CC75F2D0}.Release|Any CPU.ActiveCfg = Release|Any CPU
		{C2ACBF7D-C3F7-4FC4-865B-FAE6CC75F2D0}.Release|Any CPU.Build.0 = Release|Any CPU
		{56849D16-A7DC-4251-B4AB-3ABF09E3738F}.Debug|Any CPU.ActiveCfg = Debug|Any CPU
		{56849D16-A7DC-4251-B4AB-3ABF09E3738F}.Debug|Any CPU.Build.0 = Debug|Any CPU
		{56849D16-A7DC-4251-B4AB-3ABF09E3738F}.Release|Any CPU.ActiveCfg = Release|Any CPU
		{56849D16-A7DC-4251-B4AB-3ABF09E3738F}.Release|Any CPU.Build.0 = Release|Any CPU
		{7A3DE51F-A7D4-49A8-9663-86CD26A79AA3}.Debug|Any CPU.ActiveCfg = Debug|Any CPU
		{7A3DE51F-A7D4-49A8-9663-86CD26A79AA3}.Debug|Any CPU.Build.0 = Debug|Any CPU
		{7A3DE51F-A7D4-49A8-9663-86CD26A79AA3}.Release|Any CPU.ActiveCfg = Release|Any CPU
		{7A3DE51F-A7D4-49A8-9663-86CD26A79AA3}.Release|Any CPU.Build.0 = Release|Any CPU
	EndGlobalSection
	GlobalSection(SolutionProperties) = preSolution
		HideSolutionNode = FALSE
	EndGlobalSection
	GlobalSection(ExtensibilityGlobals) = postSolution
		SolutionGuid = {63EC1366-7120-4BBA-BD62-347E05C7FCDA}
	EndGlobalSection
EndGlobal
